{
  "name": "@caweb/jshint-webpack-plugin",
  "version": "1.0.0",
  "lockfileVersion": 3,
  "requires": true,
  "packages": {
    "": {
      "name": "@caweb/jshint-webpack-plugin",
      "version": "1.0.0",
      "license": "ISC",
      "dependencies": {
        "html-format": "^1.1.7"
      }
    },
    "node_modules/html-format": {
      "version": "1.1.7",
      "resolved": "https://registry.npmjs.org/html-format/-/html-format-1.1.7.tgz",
      "integrity": "sha512-ba6woq8dni6HkfRFpsu27PrCM/sxEz9KrVW22xVyMbXsZHbSpJE6Z1gAl7OeqEfU92MKYb9Pn7MnIyqV5tJHKA==",
      "license": "MIT"
    }
  }
}
